
Microsoft Visual Studio Solution File, Format Version 12.00
# Visual Studio Version 17
VisualStudioVersion = 17.9.34723.18
MinimumVisualStudioVersion = 10.0.40219.1
Project("{FAE04EC0-301F-11D3-BF4B-00C04F79EFBC}") = "WebApplication1", "WebApplication1\WebApplication1.csproj", "{23D82088-06BB-4D46-BE05-C9C4B3845830}"
EndProject
Global
	GlobalSection(SolutionConfigurationPlatforms) = preSolution
		Debug|Any CPU = Debug|Any CPU
		Release|Any CPU = Release|Any CPU
	EndGlobalSection
	GlobalSection(ProjectConfigurationPlatforms) = postSolution
		{23D82088-06BB-4D46-BE05-C9C4B3845830}.Debug|Any CPU.ActiveCfg = Debug|Any CPU
		{23D82088-06BB-4D46-BE05-C9C4B3845830}.Debug|Any CPU.Build.0 = Debug|Any CPU
		{23D82088-06BB-4D46-BE05-C9C4B3845830}.Release|Any CPU.ActiveCfg = Release|Any CPU
		{23D82088-06BB-4D46-BE05-C9C4B3845830}.Release|Any CPU.Build.0 = Release|Any CPU
	EndGlobalSection
	GlobalSection(SolutionProperties) = preSolution
		HideSolutionNode = FALSE
	EndGlobalSection
	GlobalSection(ExtensibilityGlobals) = postSolution
		SolutionGuid = {27B11F1E-30E0-4F5B-AF4C-5DBEE3FD24A5}
	EndGlobalSection
EndGlobal
